
Microsoft Visual Studio Solution File, Format Version 12.00
# Visual Studio Version 17
VisualStudioVersion = 17.4.33403.182
MinimumVisualStudioVersion = 10.0.40219.1
Project("{FAE04EC0-301F-11D3-BF4B-00C04F79EFBC}") = "beHC_HR_BOT", "beHC_HR_BOT\beHC_HR_BOT.csproj", "{78606D00-18AE-4A75-A066-B64A67147DD3}"
EndProject
Project("{FAE04EC0-301F-11D3-BF4B-00C04F79EFBC}") = "HC_HRBOT_API", "HC_HRBOT_API\HC_HRBOT_API.csproj", "{F49BB5C5-774A-4B24-B2DA-AFE4713FBF71}"
	ProjectSection(ProjectDependencies) = postProject
		{78606D00-18AE-4A75-A066-B64A67147DD3} = {78606D00-18AE-4A75-A066-B64A67147DD3}
	EndProjectSection
EndProject
Global
	GlobalSection(SolutionConfigurationPlatforms) = preSolution
		Debug|Any CPU = Debug|Any CPU
		Release|Any CPU = Release|Any CPU
	EndGlobalSection
	GlobalSection(ProjectConfigurationPlatforms) = postSolution
		{78606D00-18AE-4A75-A066-B64A67147DD3}.Debug|Any CPU.ActiveCfg = Debug|Any CPU
		{78606D00-18AE-4A75-A066-B64A67147DD3}.Debug|Any CPU.Build.0 = Debug|Any CPU
		{78606D00-18AE-4A75-A066-B64A67147DD3}.Release|Any CPU.ActiveCfg = Release|Any CPU
		{78606D00-18AE-4A75-A066-B64A67147DD3}.Release|Any CPU.Build.0 = Release|Any CPU
		{F49BB5C5-774A-4B24-B2DA-AFE4713FBF71}.Debug|Any CPU.ActiveCfg = Debug|Any CPU
		{F49BB5C5-774A-4B24-B2DA-AFE4713FBF71}.Debug|Any CPU.Build.0 = Debug|Any CPU
		{F49BB5C5-774A-4B24-B2DA-AFE4713FBF71}.Release|Any CPU.ActiveCfg = Release|Any CPU
		{F49BB5C5-774A-4B24-B2DA-AFE4713FBF71}.Release|Any CPU.Build.0 = Release|Any CPU
	EndGlobalSection
	GlobalSection(SolutionProperties) = preSolution
		HideSolutionNode = FALSE
	EndGlobalSection
	GlobalSection(ExtensibilityGlobals) = postSolution
		SolutionGuid = {C41C22B8-5B1F-4B93-BA79-B46129C41920}
	EndGlobalSection
EndGlobal
